// !$*UTF8*$!
{
	archiveVersion = 1;
	classes = {
	};
	objectVersion = 51;
	objects = {

/* Begin PBXBuildFile section */
		2AF039B1D47BC51A967DED44 /* Pods_flixster.framework in Frameworks */ = {isa = PBXBuildFile; fileRef = B838C617E47160869C4A7890 /* Pods_flixster.framework */; };
		3423690425E87E3E00777D05 /* MovieDetailsViewController.swift in Sources */ = {isa = PBXBuildFile; fileRef = 3423690325E87E3E00777D05 /* MovieDetailsViewController.swift */; };
		345BF71925E89ABF00B35C81 /* SuperheroDetailsViewController.swift in Sources */ = {isa = PBXBuildFile; fileRef = 345BF71825E89ABF00B35C81 /* SuperheroDetailsViewController.swift */; };
		3488718925DF12D600156606 /* AppDelegate.swift in Sources */ = {isa = PBXBuildFile; fileRef = 3488718825DF12D600156606 /* AppDelegate.swift */; };
		3488718B25DF12D600156606 /* SceneDelegate.swift in Sources */ = {isa = PBXBuildFile; fileRef = 3488718A25DF12D600156606 /* SceneDelegate.swift */; };
		3488718D25DF12D600156606 /* ViewController.swift in Sources */ = {isa = PBXBuildFile; fileRef = 3488718C25DF12D600156606 /* ViewController.swift */; };
		3488719025DF12D600156606 /* Main.storyboard in Resources */ = {isa = PBXBuildFile; fileRef = 3488718E25DF12D600156606 /* Main.storyboard */; };
		3488719225DF12D600156606 /* Assets.xcassets in Resources */ = {isa = PBXBuildFile; fileRef = 3488719125DF12D600156606 /* Assets.xcassets */; };
		3488719525DF12D600156606 /* LaunchScreen.storyboard in Resources */ = {isa = PBXBuildFile; fileRef = 3488719325DF12D600156606 /* LaunchScreen.storyboard */; };
		348871A025DF12D700156606 /* flixsterTests.swift in Sources */ = {isa = PBXBuildFile; fileRef = 3488719F25DF12D700156606 /* flixsterTests.swift */; };
		348871AB25DF12D700156606 /* flixsterUITests.swift in Sources */ = {isa = PBXBuildFile; fileRef = 348871AA25DF12D700156606 /* flixsterUITests.swift */; };
		348871BC25DF147800156606 /* MoviesViewController.swift in Sources */ = {isa = PBXBuildFile; fileRef = 348871BB25DF147800156606 /* MoviesViewController.swift */; };
		348871C125DF3F2D00156606 /* MovieCell.swift in Sources */ = {isa = PBXBuildFile; fileRef = 348871C025DF3F2D00156606 /* MovieCell.swift */; };
		34E2269625E88A6E00A5EA9E /* MovieGridViewController.swift in Sources */ = {isa = PBXBuildFile; fileRef = 34E2269525E88A6E00A5EA9E /* MovieGridViewController.swift */; };
		34E2269B25E88EA600A5EA9E /* MovieGridCell.swift in Sources */ = {isa = PBXBuildFile; fileRef = 34E2269A25E88EA600A5EA9E /* MovieGridCell.swift */; };
		66A74C16143DEEFAF2D7DEDE /* Pods_flixsterTests.framework in Frameworks */ = {isa = PBXBuildFile; fileRef = A4F7C034ABC82DE7568DB22B /* Pods_flixsterTests.framework */; };
		C89AFE4DC37C379BC43888FF /* Pods_flixster_flixsterUITests.framework in Frameworks */ = {isa = PBXBuildFile; fileRef = 65658EF3DD30473235F3717D /* Pods_flixster_flixsterUITests.framework */; };
/* End PBXBuildFile section */

/* Begin PBXContainerItemProxy section */
		3488719C25DF12D700156606 /* PBXContainerItemProxy */ = {
			isa = PBXContainerItemProxy;
			containerPortal = 3488717D25DF12D600156606 /* Project object */;
			proxyType = 1;
			remoteGlobalIDString = 3488718425DF12D600156606;
			remoteInfo = flixster;
		};
		348871A725DF12D700156606 /* PBXContainerItemProxy */ = {
			isa = PBXContainerItemProxy;
			containerPortal = 3488717D25DF12D600156606 /* Project object */;
			proxyType = 1;
			remoteGlobalIDString = 3488718425DF12D600156606;
			remoteInfo = flixster;
		};
/* End PBXContainerItemProxy section */

/* Begin PBXFileReference section */
		146D6C9B4976C378A34700C1 /* Pods-flixster-flixsterUITests.release.xcconfig */ = {isa = PBXFileReference; includeInIndex = 1; lastKnownFileType = text.xcconfig; name = "Pods-flixster-flixsterUITests.release.xcconfig"; path = "Target Support Files/Pods-flixster-flixsterUITests/Pods-flixster-flixsterUITests.release.xcconfig"; sourceTree = "<group>"; };
		3423690325E87E3E00777D05 /* MovieDetailsViewController.swift */ = {isa = PBXFileReference; lastKnownFileType = sourcecode.swift; path = MovieDetailsViewController.swift; sourceTree = "<group>"; };
		345BF71825E89ABF00B35C81 /* SuperheroDetailsViewController.swift */ = {isa = PBXFileReference; lastKnownFileType = sourcecode.swift; path = SuperheroDetailsViewController.swift; sourceTree = "<group>"; };
		3488718525DF12D600156606 /* flixster.app */ = {isa = PBXFileReference; explicitFileType = wrapper.application; includeInIndex = 0; path = flixster.app; sourceTree = BUILT_PRODUCTS_DIR; };
		3488718825DF12D600156606 /* AppDelegate.swift */ = {isa = PBXFileReference; lastKnownFileType = sourcecode.swift; path = AppDelegate.swift; sourceTree = "<group>"; };
		3488718A25DF12D600156606 /* SceneDelegate.swift */ = {isa = PBXFileReference; lastKnownFileType = sourcecode.swift; path = SceneDelegate.swift; sourceTree = "<group>"; };
		3488718C25DF12D600156606 /* ViewController.swift */ = {isa = PBXFileReference; lastKnownFileType = sourcecode.swift; path = ViewController.swift; sourceTree = "<group>"; };
		3488718F25DF12D600156606 /* Base */ = {isa = PBXFileReference; lastKnownFileType = file.storyboard; name = Base; path = Base.lproj/Main.storyboard; sourceTree = "<group>"; };
		3488719125DF12D600156606 /* Assets.xcassets */ = {isa = PBXFileReference; lastKnownFileType = folder.assetcatalog; path = Assets.xcassets; sourceTree = "<group>"; };
		3488719425DF12D600156606 /* Base */ = {isa = PBXFileReference; lastKnownFileType = file.storyboard; name = Base; path = Base.lproj/LaunchScreen.storyboard; sourceTree = "<group>"; };
		3488719625DF12D600156606 /* Info.plist */ = {isa = PBXFileReference; lastKnownFileType = text.plist.xml; path = Info.plist; sourceTree = "<group>"; };
		3488719B25DF12D700156606 /* flixsterTests.xctest */ = {isa = PBXFileReference; explicitFileType = wrapper.cfbundle; includeInIndex = 0; path = flixsterTests.xctest; sourceTree = BUILT_PRODUCTS_DIR; };
		3488719F25DF12D700156606 /* flixsterTests.swift */ = {isa = PBXFileReference; lastKnownFileType = sourcecode.swift; path = flixsterTests.swift; sourceTree = "<group>"; };
		348871A125DF12D700156606 /* Info.plist */ = {isa = PBXFileReference; lastKnownFileType = text.plist.xml; path = Info.plist; sourceTree = "<group>"; };
		348871A625DF12D700156606 /* flixsterUITests.xctest */ = {isa = PBXFileReference; explicitFileType = wrapper.cfbundle; includeInIndex = 0; path = flixsterUITests.xctest; sourceTree = BUILT_PRODUCTS_DIR; };
		348871AA25DF12D700156606 /* flixsterUITests.swift */ = {isa = PBXFileReference; lastKnownFileType = sourcecode.swift; path = flixsterUITests.swift; sourceTree = "<group>"; };
		348871AC25DF12D700156606 /* Info.plist */ = {isa = PBXFileReference; lastKnownFileType = text.plist.xml; path = Info.plist; sourceTree = "<group>"; };
		348871BB25DF147800156606 /* MoviesViewController.swift */ = {isa = PBXFileReference; lastKnownFileType = sourcecode.swift; path = MoviesViewController.swift; sourceTree = "<group>"; };
		348871C025DF3F2D00156606 /* MovieCell.swift */ = {isa = PBXFileReference; lastKnownFileType = sourcecode.swift; path = MovieCell.swift; sourceTree = "<group>"; };
		34E2269525E88A6E00A5EA9E /* MovieGridViewController.swift */ = {isa = PBXFileReference; lastKnownFileType = sourcecode.swift; path = MovieGridViewController.swift; sourceTree = "<group>"; };
		34E2269A25E88EA600A5EA9E /* MovieGridCell.swift */ = {isa = PBXFileReference; lastKnownFileType = sourcecode.swift; path = MovieGridCell.swift; sourceTree = "<group>"; };
		65658EF3DD30473235F3717D /* Pods_flixster_flixsterUITests.framework */ = {isa = PBXFileReference; explicitFileType = wrapper.framework; includeInIndex = 0; path = Pods_flixster_flixsterUITests.framework; sourceTree = BUILT_PRODUCTS_DIR; };
		662EAEC482CFDF36821FAF81 /* Pods-flixster.release.xcconfig */ = {isa = PBXFileReference; includeInIndex = 1; lastKnownFileType = text.xcconfig; name = "Pods-flixster.release.xcconfig"; path = "Target Support Files/Pods-flixster/Pods-flixster.release.xcconfig"; sourceTree = "<group>"; };
		A4F7C034ABC82DE7568DB22B /* Pods_flixsterTests.framework */ = {isa = PBXFileReference; explicitFileType = wrapper.framework; includeInIndex = 0; path = Pods_flixsterTests.framework; sourceTree = BUILT_PRODUCTS_DIR; };
		AE300D9237A6BBE21FA43E89 /* Pods-flixster.debug.xcconfig */ = {isa = PBXFileReference; includeInIndex = 1; lastKnownFileType = text.xcconfig; name = "Pods-flixster.debug.xcconfig"; path = "Target Support Files/Pods-flixster/Pods-flixster.debug.xcconfig"; sourceTree = "<group>"; };
		B838C617E47160869C4A7890 /* Pods_flixster.framework */ = {isa = PBXFileReference; explicitFileType = wrapper.framework; includeInIndex = 0; path = Pods_flixster.framework; sourceTree = BUILT_PRODUCTS_DIR; };
		C0625AA27981813440959573 /* Pods-flixster-flixsterUITests.debug.xcconfig */ = {isa = PBXFileReference; includeInIndex = 1; lastKnownFileType = text.xcconfig; name = "Pods-flixster-flixsterUITests.debug.xcconfig"; path = "Target Support Files/Pods-flixster-flixsterUITests/Pods-flixster-flixsterUITests.debug.xcconfig"; sourceTree = "<group>"; };
		DC0CFF7AF1BA878997BF6801 /* Pods-flixsterTests.debug.xcconfig */ = {isa = PBXFileReference; includeInIndex = 1; lastKnownFileType = text.xcconfig; name = "Pods-flixsterTests.debug.xcconfig"; path = "Target Support Files/Pods-flixsterTests/Pods-flixsterTests.debug.xcconfig"; sourceTree = "<group>"; };
		E4AC2EEDDAA8C35466B963F3 /* Pods-flixsterTests.release.xcconfig */ = {isa = PBXFileReference; includeInIndex = 1; lastKnownFileType = text.xcconfig; name = "Pods-flixsterTests.release.xcconfig"; path = "Target Support Files/Pods-flixsterTests/Pods-flixsterTests.release.xcconfig"; sourceTree = "<group>"; };
/* End PBXFileReference section */

/* Begin PBXFrameworksBuildPhase section */
		3488718225DF12D600156606 /* Frameworks */ = {
			isa = PBXFrameworksBuildPhase;
			buildActionMask = 2147483647;
			files = (
				2AF039B1D47BC51A967DED44 /* Pods_flixster.framework in Frameworks */,
			);
			runOnlyForDeploymentPostprocessing = 0;
		};
		3488719825DF12D700156606 /* Frameworks */ = {
			isa = PBXFrameworksBuildPhase;
			buildActionMask = 2147483647;
			files = (
				66A74C16143DEEFAF2D7DEDE /* Pods_flixsterTests.framework in Frameworks */,
			);
			runOnlyForDeploymentPostprocessing = 0;
		};
		348871A325DF12D700156606 /* Frameworks */ = {
			isa = PBXFrameworksBuildPhase;
			buildActionMask = 2147483647;
			files = (
				C89AFE4DC37C379BC43888FF /* Pods_flixster_flixsterUITests.framework in Frameworks */,
			);
			runOnlyForDeploymentPostprocessing = 0;
		};
/* End PBXFrameworksBuildPhase section */

/* Begin PBXGroup section */
		3488717C25DF12D600156606 = {
			isa = PBXGroup;
			children = (
				3488718725DF12D600156606 /* flixster */,
				3488719E25DF12D700156606 /* flixsterTests */,
				348871A925DF12D700156606 /* flixsterUITests */,
				3488718625DF12D600156606 /* Products */,
				51D073F377404AB36A55AD1F /* Pods */,
				9AE70DC2FD90EDC1E7C357B0 /* Frameworks */,
			);
			sourceTree = "<group>";
		};
		3488718625DF12D600156606 /* Products */ = {
			isa = PBXGroup;
			children = (
				3488718525DF12D600156606 /* flixster.app */,
				3488719B25DF12D700156606 /* flixsterTests.xctest */,
				348871A625DF12D700156606 /* flixsterUITests.xctest */,
			);
			name = Products;
			sourceTree = "<group>";
		};
		3488718725DF12D600156606 /* flixster */ = {
			isa = PBXGroup;
			children = (
				3488718825DF12D600156606 /* AppDelegate.swift */,
				3488718A25DF12D600156606 /* SceneDelegate.swift */,
				3488718C25DF12D600156606 /* ViewController.swift */,
				3488718E25DF12D600156606 /* Main.storyboard */,
				3488719125DF12D600156606 /* Assets.xcassets */,
				3488719325DF12D600156606 /* LaunchScreen.storyboard */,
				3488719625DF12D600156606 /* Info.plist */,
				348871C025DF3F2D00156606 /* MovieCell.swift */,
				348871BB25DF147800156606 /* MoviesViewController.swift */,
				3423690325E87E3E00777D05 /* MovieDetailsViewController.swift */,
				34E2269525E88A6E00A5EA9E /* MovieGridViewController.swift */,
				34E2269A25E88EA600A5EA9E /* MovieGridCell.swift */,
				345BF71825E89ABF00B35C81 /* SuperheroDetailsViewController.swift */,
			);
			path = flixster;
			sourceTree = "<group>";
		};
		3488719E25DF12D700156606 /* flixsterTests */ = {
			isa = PBXGroup;
			children = (
				3488719F25DF12D700156606 /* flixsterTests.swift */,
				348871A125DF12D700156606 /* Info.plist */,
			);
			path = flixsterTests;
			sourceTree = "<group>";
		};
		348871A925DF12D700156606 /* flixsterUITests */ = {
			isa = PBXGroup;
			children = (
				348871AA25DF12D700156606 /* flixsterUITests.swift */,
				348871AC25DF12D700156606 /* Info.plist */,
			);
			path = flixsterUITests;
			sourceTree = "<group>";
		};
		51D073F377404AB36A55AD1F /* Pods */ = {
			isa = PBXGroup;
			children = (
				AE300D9237A6BBE21FA43E89 /* Pods-flixster.debug.xcconfig */,
				662EAEC482CFDF36821FAF81 /* Pods-flixster.release.xcconfig */,
				C0625AA27981813440959573 /* Pods-flixster-flixsterUITests.debug.xcconfig */,
				146D6C9B4976C378A34700C1 /* Pods-flixster-flixsterUITests.release.xcconfig */,
				DC0CFF7AF1BA878997BF6801 /* Pods-flixsterTests.debug.xcconfig */,
				E4AC2EEDDAA8C35466B963F3 /* Pods-flixsterTests.release.xcconfig */,
			);
			path = Pods;
			sourceTree = "<group>";
		};
		9AE70DC2FD90EDC1E7C357B0 /* Frameworks */ = {
			isa = PBXGroup;
			children = (
				B838C617E47160869C4A7890 /* Pods_flixster.framework */,
				65658EF3DD30473235F3717D /* Pods_flixster_flixsterUITests.framework */,
				A4F7C034ABC82DE7568DB22B /* Pods_flixsterTests.framework */,
			);
			name = Frameworks;
			sourceTree = "<group>";
		};
/* End PBXGroup section */

/* Begin PBXNativeTarget section */
		3488718425DF12D600156606 /* flixster */ = {
			isa = PBXNativeTarget;
			buildConfigurationList = 348871AF25DF12D700156606 /* Build configuration list for PBXNativeTarget "flixster" */;
			buildPhases = (
				F303E7F2BEE424AEEE0FBDBD /* [CP] Check Pods Manifest.lock */,
				3488718125DF12D600156606 /* Sources */,
				3488718225DF12D600156606 /* Frameworks */,
				3488718325DF12D600156606 /* Resources */,
				F032B81F9561D9406F89943E /* [CP] Embed Pods Frameworks */,
			);
			buildRules = (
			);
			dependencies = (
			);
			name = flixster;
			productName = flixster;
			productReference = 3488718525DF12D600156606 /* flixster.app */;
			productType = "com.apple.product-type.application";
		};
		3488719A25DF12D700156606 /* flixsterTests */ = {
			isa = PBXNativeTarget;
			buildConfigurationList = 348871B225DF12D700156606 /* Build configuration list for PBXNativeTarget "flixsterTests" */;
			buildPhases = (
				36B36DED60D41E1C9867E704 /* [CP] Check Pods Manifest.lock */,
				3488719725DF12D700156606 /* Sources */,
				3488719825DF12D700156606 /* Frameworks */,
				3488719925DF12D700156606 /* Resources */,
			);
			buildRules = (
			);
			dependencies = (
				3488719D25DF12D700156606 /* PBXTargetDependency */,
			);
			name = flixsterTests;
			productName = flixsterTests;
			productReference = 3488719B25DF12D700156606 /* flixsterTests.xctest */;
			productType = "com.apple.product-type.bundle.unit-test";
		};
		348871A525DF12D700156606 /* flixsterUITests */ = {
			isa = PBXNativeTarget;
			buildConfigurationList = 348871B525DF12D700156606 /* Build configuration list for PBXNativeTarget "flixsterUITests" */;
			buildPhases = (
				2BFDDCE1BBB2F150F754F96E /* [CP] Check Pods Manifest.lock */,
				348871A225DF12D700156606 /* Sources */,
				348871A325DF12D700156606 /* Frameworks */,
				348871A425DF12D700156606 /* Resources */,
				97BC93081A951F7F888EA7F6 /* [CP] Embed Pods Frameworks */,
			);
			buildRules = (
			);
			dependencies = (
				348871A825DF12D700156606 /* PBXTargetDependency */,
			);
			name = flixsterUITests;
			productName = flixsterUITests;
			productReference = 348871A625DF12D700156606 /* flixsterUITests.xctest */;
			productType = "com.apple.product-type.bundle.ui-testing";
		};
/* End PBXNativeTarget section */

/* Begin PBXProject section */
		3488717D25DF12D600156606 /* Project object */ = {
			isa = PBXProject;
			attributes = {
				LastSwiftUpdateCheck = 1220;
				LastUpgradeCheck = 1220;
				TargetAttributes = {
					3488718425DF12D600156606 = {
						CreatedOnToolsVersion = 12.2;
					};
					3488719A25DF12D700156606 = {
						CreatedOnToolsVersion = 12.2;
						TestTargetID = 3488718425DF12D600156606;
					};
					348871A525DF12D700156606 = {
						CreatedOnToolsVersion = 12.2;
						TestTargetID = 3488718425DF12D600156606;
					};
				};
			};
			buildConfigurationList = 3488718025DF12D600156606 /* Build configuration list for PBXProject "flixster" */;
			compatibilityVersion = "Xcode 9.3";
			developmentRegion = en;
			hasScannedForEncodings = 0;
			knownRegions = (
				en,
				Base,
			);
			mainGroup = 3488717C25DF12D600156606;
			productRefGroup = 3488718625DF12D600156606 /* Products */;
			projectDirPath = "";
			projectRoot = "";
			targets = (
				3488718425DF12D600156606 /* flixster */,
				3488719A25DF12D700156606 /* flixsterTests */,
				348871A525DF12D700156606 /* flixsterUITests */,
			);
		};
/* End PBXProject section */

/* Begin PBXResourcesBuildPhase section */
		3488718325DF12D600156606 /* Resources */ = {
			isa = PBXResourcesBuildPhase;
			buildActionMask = 2147483647;
			files = (
				3488719525DF12D600156606 /* LaunchScreen.storyboard in Resources */,
				3488719225DF12D600156606 /* Assets.xcassets in Resources */,
				3488719025DF12D600156606 /* Main.storyboard in Resources */,
			);
			runOnlyForDeploymentPostprocessing = 0;
		};
		3488719925DF12D700156606 /* Resources */ = {
			isa = PBXResourcesBuildPhase;
			buildActionMask = 2147483647;
			files = (
			);
			runOnlyForDeploymentPostprocessing = 0;
		};
		348871A425DF12D700156606 /* Resources */ = {
			isa = PBXResourcesBuildPhase;
			buildActionMask = 2147483647;
			files = (
			);
			runOnlyForDeploymentPostprocessing = 0;
		};
/* End PBXResourcesBuildPhase section */

/* Begin PBXShellScriptBuildPhase section */
		2BFDDCE1BBB2F150F754F96E /* [CP] Check Pods Manifest.lock */ = {
			isa = PBXShellScriptBuildPhase;
			buildActionMask = 2147483647;
			files = (
			);
			inputFileListPaths = (
			);
			inputPaths = (
				"${PODS_PODFILE_DIR_PATH}/Podfile.lock",
				"${PODS_ROOT}/Manifest.lock",
			);
			name = "[CP] Check Pods Manifest.lock";
			outputFileListPaths = (
			);
			outputPaths = (
				"$(DERIVED_FILE_DIR)/Pods-flixster-flixsterUITests-checkManifestLockResult.txt",
			);
			runOnlyForDeploymentPostprocessing = 0;
			shellPath = /bin/sh;
			shellScript = "diff \"${PODS_PODFILE_DIR_PATH}/Podfile.lock\" \"${PODS_ROOT}/Manifest.lock\" > /dev/null\nif [ $? != 0 ] ; then\n    # print error to STDERR\n    echo \"error: The sandbox is not in sync with the Podfile.lock. Run 'pod install' or update your CocoaPods installation.\" >&2\n    exit 1\nfi\n# This output is used by Xcode 'outputs' to avoid re-running this script phase.\necho \"SUCCESS\" > \"${SCRIPT_OUTPUT_FILE_0}\"\n";
			showEnvVarsInLog = 0;
		};
		36B36DED60D41E1C9867E704 /* [CP] Check Pods Manifest.lock */ = {
			isa = PBXShellScriptBuildPhase;
			buildActionMask = 2147483647;
			files = (
			);
			inputFileListPaths = (
			);
			inputPaths = (
				"${PODS_PODFILE_DIR_PATH}/Podfile.lock",
				"${PODS_ROOT}/Manifest.lock",
			);
			name = "[CP] Check Pods Manifest.lock";
			outputFileListPaths = (
			);
			outputPaths = (
				"$(DERIVED_FILE_DIR)/Pods-flixsterTests-checkManifestLockResult.txt",
			);
			runOnlyForDeploymentPostprocessing = 0;
			shellPath = /bin/sh;
			shellScript = "diff \"${PODS_PODFILE_DIR_PATH}/Podfile.lock\" \"${PODS_ROOT}/Manifest.lock\" > /dev/null\nif [ $? != 0 ] ; then\n    # print error to STDERR\n    echo \"error: The sandbox is not in sync with the Podfile.lock. Run 'pod install' or update your CocoaPods installation.\" >&2\n    exit 1\nfi\n# This output is used by Xcode 'outputs' to avoid re-running this script phase.\necho \"SUCCESS\" > \"${SCRIPT_OUTPUT_FILE_0}\"\n";
			showEnvVarsInLog = 0;
		};
		97BC93081A951F7F888EA7F6 /* [CP] Embed Pods Frameworks */ = {
			isa = PBXShellScriptBuildPhase;
			buildActionMask = 2147483647;
			files = (
			);
			inputFileListPaths = (
				"${PODS_ROOT}/Target Support Files/Pods-flixster-flixsterUITests/Pods-flixster-flixsterUITests-frameworks-${CONFIGURATION}-input-files.xcfilelist",
			);
			name = "[CP] Embed Pods Frameworks";
			outputFileListPaths = (
				"${PODS_ROOT}/Target Support Files/Pods-flixster-flixsterUITests/Pods-flixster-flixsterUITests-frameworks-${CONFIGURATION}-output-files.xcfilelist",
			);
			runOnlyForDeploymentPostprocessing = 0;
			shellPath = /bin/sh;
			shellScript = "\"${PODS_ROOT}/Target Support Files/Pods-flixster-flixsterUITests/Pods-flixster-flixsterUITests-frameworks.sh\"\n";
			showEnvVarsInLog = 0;
		};
		F032B81F9561D9406F89943E /* [CP] Embed Pods Frameworks */ = {
			isa = PBXShellScriptBuildPhase;
			buildActionMask = 2147483647;
			files = (
			);
			inputFileListPaths = (
				"${PODS_ROOT}/Target Support Files/Pods-flixster/Pods-flixster-frameworks-${CONFIGURATION}-input-files.xcfilelist",
			);
			name = "[CP] Embed Pods Frameworks";
			outputFileListPaths = (
				"${PODS_ROOT}/Target Support Files/Pods-flixster/Pods-flixster-frameworks-${CONFIGURATION}-output-files.xcfilelist",
			);
			runOnlyForDeploymentPostprocessing = 0;
			shellPath = /bin/sh;
			shellScript = "\"${PODS_ROOT}/Target Support Files/Pods-flixster/Pods-flixster-frameworks.sh\"\n";
			showEnvVarsInLog = 0;
		};
		F303E7F2BEE424AEEE0FBDBD /* [CP] Check Pods Manifest.lock */ = {
			isa = PBXShellScriptBuildPhase;
			buildActionMask = 2147483647;
			files = (
			);
			inputFileListPaths = (
			);
			inputPaths = (
				"${PODS_PODFILE_DIR_PATH}/Podfile.lock",
				"${PODS_ROOT}/Manifest.lock",
			);
			name = "[CP] Check Pods Manifest.lock";
			outputFileListPaths = (
			);
			outputPaths = (
				"$(DERIVED_FILE_DIR)/Pods-flixster-checkManifestLockResult.txt",
			);
			runOnlyForDeploymentPostprocessing = 0;
			shellPath = /bin/sh;
			shellScript = "diff \"${PODS_PODFILE_DIR_PATH}/Podfile.lock\" \"${PODS_ROOT}/Manifest.lock\" > /dev/null\nif [ $? != 0 ] ; then\n    # print error to STDERR\n    echo \"error: The sandbox is not in sync with the Podfile.lock. Run 'pod install' or update your CocoaPods installation.\" >&2\n    exit 1\nfi\n# This output is used by Xcode 'outputs' to avoid re-running this script phase.\necho \"SUCCESS\" > \"${SCRIPT_OUTPUT_FILE_0}\"\n";
			showEnvVarsInLog = 0;
		};
/* End PBXShellScriptBuildPhase section */

/* Begin PBXSourcesBuildPhase section */
		3488718125DF12D600156606 /* Sources */ = {
			isa = PBXSourcesBuildPhase;
			buildActionMask = 2147483647;
			files = (
				3488718D25DF12D600156606 /* ViewController.swift in Sources */,
				3488718925DF12D600156606 /* AppDelegate.swift in Sources */,
				3423690425E87E3E00777D05 /* MovieDetailsViewController.swift in Sources */,
				34E2269625E88A6E00A5EA9E /* MovieGridViewController.swift in Sources */,
				345BF71925E89ABF00B35C81 /* SuperheroDetailsViewController.swift in Sources */,
				34E2269B25E88EA600A5EA9E /* MovieGridCell.swift in Sources */,
				3488718B25DF12D600156606 /* SceneDelegate.swift in Sources */,
				348871C125DF3F2D00156606 /* MovieCell.swift in Sources */,
				348871BC25DF147800156606 /* MoviesViewController.swift in Sources */,
			);
			runOnlyForDeploymentPostprocessing = 0;
		};
		3488719725DF12D700156606 /* Sources */ = {
			isa = PBXSourcesBuildPhase;
			buildActionMask = 2147483647;
			files = (
				348871A025DF12D700156606 /* flixsterTests.swift in Sources */,
			);
			runOnlyForDeploymentPostprocessing = 0;
		};
		348871A225DF12D700156606 /* Sources */ = {
			isa = PBXSourcesBuildPhase;
			buildActionMask = 2147483647;
			files = (
				348871AB25DF12D700156606 /* flixsterUITests.swift in Sources */,
			);
			runOnlyForDeploymentPostprocessing = 0;
		};
/* End PBXSourcesBuildPhase section */

/* Begin PBXTargetDependency section */
		3488719D25DF12D700156606 /* PBXTargetDependency */ = {
			isa = PBXTargetDependency;
			target = 3488718425DF12D600156606 /* flixster */;
			targetProxy = 3488719C25DF12D700156606 /* PBXContainerItemProxy */;
		};
		348871A825DF12D700156606 /* PBXTargetDependency */ = {
			isa = PBXTargetDependency;
			target = 3488718425DF12D600156606 /* flixster */;
			targetProxy = 348871A725DF12D700156606 /* PBXContainerItemProxy */;
		};
/* End PBXTargetDependency section */

/* Begin PBXVariantGroup section */
		3488718E25DF12D600156606 /* Main.storyboard */ = {
			isa = PBXVariantGroup;
			children = (
				3488718F25DF12D600156606 /* Base */,
			);
			name = Main.storyboard;
			sourceTree = "<group>";
		};
		3488719325DF12D600156606 /* LaunchScreen.storyboard */ = {
			isa = PBXVariantGroup;
			children = (
				3488719425DF12D600156606 /* Base */,
			);
			name = LaunchScreen.storyboard;
			sourceTree = "<group>";
		};
/* End PBXVariantGroup section */

/* Begin XCBuildConfiguration section */
		348871AD25DF12D700156606 /* Debug */ = {
			isa = XCBuildConfiguration;
			buildSettings = {
				ALWAYS_SEARCH_USER_PATHS = NO;
				CLANG_ANALYZER_NONNULL = YES;
				CLANG_ANALYZER_NUMBER_OBJECT_CONVERSION = YES_AGGRESSIVE;
				CLANG_CXX_LANGUAGE_STANDARD = "gnu++14";
				CLANG_CXX_LIBRARY = "libc++";
				CLANG_ENABLE_MODULES = YES;
				CLANG_ENABLE_OBJC_ARC = YES;
				CLANG_ENABLE_OBJC_WEAK = YES;
				CLANG_WARN_BLOCK_CAPTURE_AUTORELEASING = YES;
				CLANG_WARN_BOOL_CONVERSION = YES;
				CLANG_WARN_COMMA = YES;
				CLANG_WARN_CONSTANT_CONVERSION = YES;
				CLANG_WARN_DEPRECATED_OBJC_IMPLEMENTATIONS = YES;
				CLANG_WARN_DIRECT_OBJC_ISA_USAGE = YES_ERROR;
				CLANG_WARN_DOCUMENTATION_COMMENTS = YES;
				CLANG_WARN_EMPTY_BODY = YES;
				CLANG_WARN_ENUM_CONVERSION = YES;
				CLANG_WARN_INFINITE_RECURSION = YES;
				CLANG_WARN_INT_CONVERSION = YES;
				CLANG_WARN_NON_LITERAL_NULL_CONVERSION = YES;
				CLANG_WARN_OBJC_IMPLICIT_RETAIN_SELF = YES;
				CLANG_WARN_OBJC_LITERAL_CONVERSION = YES;
				CLANG_WARN_OBJC_ROOT_CLASS = YES_ERROR;
				CLANG_WARN_QUOTED_INCLUDE_IN_FRAMEWORK_HEADER = YES;
				CLANG_WARN_RANGE_LOOP_ANALYSIS = YES;
				CLANG_WARN_STRICT_PROTOTYPES = YES;
				CLANG_WARN_SUSPICIOUS_MOVE = YES;
				CLANG_WARN_UNGUARDED_AVAILABILITY = YES_AGGRESSIVE;
				CLANG_WARN_UNREACHABLE_CODE = YES;
				CLANG_WARN__DUPLICATE_METHOD_MATCH = YES;
				COPY_PHASE_STRIP = NO;
				DEBUG_INFORMATION_FORMAT = dwarf;
				ENABLE_STRICT_OBJC_MSGSEND = YES;
				ENABLE_TESTABILITY = YES;
				GCC_C_LANGUAGE_STANDARD = gnu11;
				GCC_DYNAMIC_NO_PIC = NO;
				GCC_NO_COMMON_BLOCKS = YES;
				GCC_OPTIMIZATION_LEVEL = 0;
				GCC_PREPROCESSOR_DEFINITIONS = (
					"DEBUG=1",
					"$(inherited)",
				);
				GCC_WARN_64_TO_32_BIT_CONVERSION = YES;
				GCC_WARN_ABOUT_RETURN_TYPE = YES_ERROR;
				GCC_WARN_UNDECLARED_SELECTOR = YES;
				GCC_WARN_UNINITIALIZED_AUTOS = YES_AGGRESSIVE;
				GCC_WARN_UNUSED_FUNCTION = YES;
				GCC_WARN_UNUSED_VARIABLE = YES;
				IPHONEOS_DEPLOYMENT_TARGET = 14.2;
				MTL_ENABLE_DEBUG_INFO = INCLUDE_SOURCE;
				MTL_FAST_MATH = YES;
				ONLY_ACTIVE_ARCH = YES;
				SDKROOT = iphoneos;
				SWIFT_ACTIVE_COMPILATION_CONDITIONS = DEBUG;
				SWIFT_OPTIMIZATION_LEVEL = "-Onone";
			};
			name = Debug;
		};
		348871AE25DF12D700156606 /* Release */ = {
			isa = XCBuildConfiguration;
			buildSettings = {
				ALWAYS_SEARCH_USER_PATHS = NO;
				CLANG_ANALYZER_NONNULL = YES;
				CLANG_ANALYZER_NUMBER_OBJECT_CONVERSION = YES_AGGRESSIVE;
				CLANG_CXX_LANGUAGE_STANDARD = "gnu++14";
				CLANG_CXX_LIBRARY = "libc++";
				CLANG_ENABLE_MODULES = YES;
				CLANG_ENABLE_OBJC_ARC = YES;
				CLANG_ENABLE_OBJC_WEAK = YES;
				CLANG_WARN_BLOCK_CAPTURE_AUTORELEASING = YES;
				CLANG_WARN_BOOL_CONVERSION = YES;
				CLANG_WARN_COMMA = YES;
				CLANG_WARN_CONSTANT_CONVERSION = YES;
				CLANG_WARN_DEPRECATED_OBJC_IMPLEMENTATIONS = YES;
				CLANG_WARN_DIRECT_OBJC_ISA_USAGE = YES_ERROR;
				CLANG_WARN_DOCUMENTATION_COMMENTS = YES;
				CLANG_WARN_EMPTY_BODY = YES;
				CLANG_WARN_ENUM_CONVERSION = YES;
				CLANG_WARN_INFINITE_RECURSION = YES;
				CLANG_WARN_INT_CONVERSION = YES;
				CLANG_WARN_NON_LITERAL_NULL_CONVERSION = YES;
				CLANG_WARN_OBJC_IMPLICIT_RETAIN_SELF = YES;
				CLANG_WARN_OBJC_LITERAL_CONVERSION = YES;
				CLANG_WARN_OBJC_ROOT_CLASS = YES_ERROR;
				CLANG_WARN_QUOTED_INCLUDE_IN_FRAMEWORK_HEADER = YES;
				CLANG_WARN_RANGE_LOOP_ANALYSIS = YES;
				CLANG_WARN_STRICT_PROTOTYPES = YES;
				CLANG_WARN_SUSPICIOUS_MOVE = YES;
				CLANG_WARN_UNGUARDED_AVAILABILITY = YES_AGGRESSIVE;
				CLANG_WARN_UNREACHABLE_CODE = YES;
				CLANG_WARN__DUPLICATE_METHOD_MATCH = YES;
				COPY_PHASE_STRIP = NO;
				DEBUG_INFORMATION_FORMAT = "dwarf-with-dsym";
				ENABLE_NS_ASSERTIONS = NO;
				ENABLE_STRICT_OBJC_MSGSEND = YES;
				GCC_C_LANGUAGE_STANDARD = gnu11;
				GCC_NO_COMMON_BLOCKS = YES;
				GCC_WARN_64_TO_32_BIT_CONVERSION = YES;
				GCC_WARN_ABOUT_RETURN_TYPE = YES_ERROR;
				GCC_WARN_UNDECLARED_SELECTOR = YES;
				GCC_WARN_UNINITIALIZED_AUTOS = YES_AGGRESSIVE;
				GCC_WARN_UNUSED_FUNCTION = YES;
				GCC_WARN_UNUSED_VARIABLE = YES;
				IPHONEOS_DEPLOYMENT_TARGET = 14.2;
				MTL_ENABLE_DEBUG_INFO = NO;
				MTL_FAST_MATH = YES;
				SDKROOT = iphoneos;
				SWIFT_COMPILATION_MODE = wholemodule;
				SWIFT_OPTIMIZATION_LEVEL = "-O";
				VALIDATE_PRODUCT = YES;
			};
			name = Release;
		};
		348871B025DF12D700156606 /* Debug */ = {
			isa = XCBuildConfiguration;
			baseConfigurationReference = AE300D9237A6BBE21FA43E89 /* Pods-flixster.debug.xcconfig */;
			buildSettings = {
				ASSETCATALOG_COMPILER_APPICON_NAME = AppIcon;
				ASSETCATALOG_COMPILER_GLOBAL_ACCENT_COLOR_NAME = AccentColor;
				CODE_SIGN_STYLE = Automatic;
				INFOPLIST_FILE = flixster/Info.plist;
				LD_RUNPATH_SEARCH_PATHS = (
					"$(inherited)",
					"@executable_path/Frameworks",
				);
				PRODUCT_BUNDLE_IDENTIFIER = Matthew.flixster;
				PRODUCT_NAME = "$(TARGET_NAME)";
				SWIFT_VERSION = 5.0;
				TARGETED_DEVICE_FAMILY = "1,2";
			};
			name = Debug;
		};
		348871B125DF12D700156606 /* Release */ = {
			isa = XCBuildConfiguration;
			baseConfigurationReference = 662EAEC482CFDF36821FAF81 /* Pods-flixster.release.xcconfig */;
			buildSettings = {
				ASSETCATALOG_COMPILER_APPICON_NAME = AppIcon;
				ASSETCATALOG_COMPILER_GLOBAL_ACCENT_COLOR_NAME = AccentColor;
				CODE_SIGN_STYLE = Automatic;
				INFOPLIST_FILE = flixster/Info.plist;
				LD_RUNPATH_SEARCH_PATHS = (
					"$(inherited)",
					"@executable_path/Frameworks",
				);
				PRODUCT_BUNDLE_IDENTIFIER = Matthew.flixster;
				PRODUCT_NAME = "$(TARGET_NAME)";
				SWIFT_VERSION = 5.0;
				TARGETED_DEVICE_FAMILY = "1,2";
			};
			name = Release;
		};
		348871B325DF12D700156606 /* Debug */ = {
			isa = XCBuildConfiguration;
			baseConfigurationReference = DC0CFF7AF1BA878997BF6801 /* Pods-flixsterTests.debug.xcconfig */;
			buildSettings = {
				ALWAYS_EMBED_SWIFT_STANDARD_LIBRARIES = YES;
				BUNDLE_LOADER = "$(TEST_HOST)";
				CODE_SIGN_STYLE = Automatic;
				INFOPLIST_FILE = flixsterTests/Info.plist;
				IPHONEOS_DEPLOYMENT_TARGET = 14.2;
				LD_RUNPATH_SEARCH_PATHS = (
					"$(inherited)",
					"@executable_path/Frameworks",
					"@loader_path/Frameworks",
				);
				PRODUCT_BUNDLE_IDENTIFIER = Matthew.flixsterTests;
				PRODUCT_NAME = "$(TARGET_NAME)";
				SWIFT_VERSION = 5.0;
				TARGETED_DEVICE_FAMILY = "1,2";
				TEST_HOST = "$(BUILT_PRODUCTS_DIR)/flixster.app/flixster";
			};
			name = Debug;
		};
		348871B425DF12D700156606 /* Release */ = {
			isa = XCBuildConfiguration;
			baseConfigurationReference = E4AC2EEDDAA8C35466B963F3 /* Pods-flixsterTests.release.xcconfig */;
			buildSettings = {
				ALWAYS_EMBED_SWIFT_STANDARD_LIBRARIES = YES;
				BUNDLE_LOADER = "$(TEST_HOST)";
				CODE_SIGN_STYLE = Automatic;
				INFOPLIST_FILE = flixsterTests/Info.plist;
				IPHONEOS_DEPLOYMENT_TARGET = 14.2;
				LD_RUNPATH_SEARCH_PATHS = (
					"$(inherited)",
					"@executable_path/Frameworks",
					"@loader_path/Frameworks",
				);
				PRODUCT_BUNDLE_IDENTIFIER = Matthew.flixsterTests;
				PRODUCT_NAME = "$(TARGET_NAME)";
				SWIFT_VERSION = 5.0;
				TARGETED_DEVICE_FAMILY = "1,2";
				TEST_HOST = "$(BUILT_PRODUCTS_DIR)/flixster.app/flixster";
			};
			name = Release;
		};
		348871B625DF12D700156606 /* Debug */ = {
			isa = XCBuildConfiguration;
			baseConfigurationReference = C0625AA27981813440959573 /* Pods-flixster-flixsterUITests.debug.xcconfig */;
			buildSettings = {
				ALWAYS_EMBED_SWIFT_STANDARD_LIBRARIES = YES;
				CODE_SIGN_STYLE = Automatic;
				INFOPLIST_FILE = flixsterUITests/Info.plist;
				LD_RUNPATH_SEARCH_PATHS = (
					"$(inherited)",
					"@executable_path/Frameworks",
					"@loader_path/Frameworks",
				);
				PRODUCT_BUNDLE_IDENTIFIER = Matthew.flixsterUITests;
				PRODUCT_NAME = "$(TARGET_NAME)";
				SWIFT_VERSION = 5.0;
				TARGETED_DEVICE_FAMILY = "1,2";
				TEST_TARGET_NAME = flixster;
			};
			name = Debug;
		};
		348871B725DF12D700156606 /* Release */ = {
			isa = XCBuildConfiguration;
			baseConfigurationReference = 146D6C9B4976C378A34700C1 /* Pods-flixster-flixsterUITests.release.xcconfig */;
			buildSettings = {
				ALWAYS_EMBED_SWIFT_STANDARD_LIBRARIES = YES;
				CODE_SIGN_STYLE = Automatic;
				INFOPLIST_FILE = flixsterUITests/Info.plist;
				LD_RUNPATH_SEARCH_PATHS = (
					"$(inherited)",
					"@executable_path/Frameworks",
					"@loader_path/Frameworks",
				);
				PRODUCT_BUNDLE_IDENTIFIER = Matthew.flixsterUITests;
				PRODUCT_NAME = "$(TARGET_NAME)";
				SWIFT_VERSION = 5.0;
				TARGETED_DEVICE_FAMILY = "1,2";
				TEST_TARGET_NAME = flixster;
			};
			name = Release;
		};
/* End XCBuildConfiguration section */

/* Begin XCConfigurationList section */
		3488718025DF12D600156606 /* Build configuration list for PBXProject "flixster" */ = {
			isa = XCConfigurationList;
			buildConfigurations = (
				348871AD25DF12D700156606 /* Debug */,
				348871AE25DF12D700156606 /* Release */,
			);
			defaultConfigurationIsVisible = 0;
			defaultConfigurationName = Release;
		};
		348871AF25DF12D700156606 /* Build configuration list for PBXNativeTarget "flixster" */ = {
			isa = XCConfigurationList;
			buildConfigurations = (
				348871B025DF12D700156606 /* Debug */,
				348871B125DF12D700156606 /* Release */,
			);
			defaultConfigurationIsVisible = 0;
			defaultConfigurationName = Release;
		};
		348871B225DF12D700156606 /* Build configuration list for PBXNativeTarget "flixsterTests" */ = {
			isa = XCConfigurationList;
			buildConfigurations = (
				348871B325DF12D700156606 /* Debug */,
				348871B425DF12D700156606 /* Release */,
			);
			defaultConfigurationIsVisible = 0;
			defaultConfigurationName = Release;
		};
		348871B525DF12D700156606 /* Build configuration list for PBXNativeTarget "flixsterUITests" */ = {
			isa = XCConfigurationList;
			buildConfigurations = (
				348871B625DF12D700156606 /* Debug */,
				348871B725DF12D700156606 /* Release */,
			);
			defaultConfigurationIsVisible = 0;
			defaultConfigurationName = Release;
		};
/* End XCConfigurationList section */
	};
	rootObject = 3488717D25DF12D600156606 /* Project object */;
}
